
Microsoft Visual Studio Solution File, Format Version 12.00
# Visual Studio Version 17
VisualStudioVersion = 17.9.34728.123
MinimumVisualStudioVersion = 10.0.40219.1
Project("{9A19103F-16F7-4668-BE54-9A1E7A4F7556}") = "Lesson_006_1", "Lesson_006_1\Lesson_006_1.csproj", "{9B7E8D6F-E474-400A-A142-A5740EDD8C53}"
EndProject
Project("{9A19103F-16F7-4668-BE54-9A1E7A4F7556}") = "Lesson_006_2", "Lesson_006_2\Lesson_006_2.csproj", "{2AAF091F-6DCC-40B9-B542-2C32AAF51000}"
EndProject
Project("{9A19103F-16F7-4668-BE54-9A1E7A4F7556}") = "Lesson_008", "Lesson_008\Lesson_008.csproj", "{324F0525-7D46-4665-AADD-38C66461741D}"
EndProject
Project("{9A19103F-16F7-4668-BE54-9A1E7A4F7556}") = "Lesson_009", "Lesson_009\Lesson_009.csproj", "{D0329E41-8F5F-4A52-9063-501121609389}"
EndProject
Project("{9A19103F-16F7-4668-BE54-9A1E7A4F7556}") = "Lesson_010", "Lesson_010\Lesson_010.csproj", "{12036B41-5BB0-4E0B-8D7A-D09F7AFC7A46}"
EndProject
Project("{9A19103F-16F7-4668-BE54-9A1E7A4F7556}") = "Lesson_011", "Lesson_011\Lesson_011.csproj", "{F66CBC2F-38DB-4519-BF01-5CB36576B1F2}"
EndProject
Project("{9A19103F-16F7-4668-BE54-9A1E7A4F7556}") = "Lesson_012", "Lesson_012\Lesson_012.csproj", "{224A79DF-A29E-44FF-BCA8-9353C2FCF3AB}"
EndProject
Project("{9A19103F-16F7-4668-BE54-9A1E7A4F7556}") = "Lesson_013", "Lesson_013\Lesson_013.csproj", "{CCF9F3D8-0BEA-48B6-9371-ABF33208A67C}"
EndProject
Project("{9A19103F-16F7-4668-BE54-9A1E7A4F7556}") = "Lesson_014", "Lesson_014\Lesson_014.csproj", "{E43C742D-C0E9-480E-B7FC-D2671A68055A}"
EndProject
Project("{9A19103F-16F7-4668-BE54-9A1E7A4F7556}") = "Lesson_015", "Lesson_015\Lesson_015.csproj", "{6A3D2F83-A610-46E4-B19E-5FA28E65841E}"
EndProject
Global
	GlobalSection(SolutionConfigurationPlatforms) = preSolution
		Debug|Any CPU = Debug|Any CPU
		Release|Any CPU = Release|Any CPU
	EndGlobalSection
	GlobalSection(ProjectConfigurationPlatforms) = postSolution
		{9B7E8D6F-E474-400A-A142-A5740EDD8C53}.Debug|Any CPU.ActiveCfg = Debug|Any CPU
		{9B7E8D6F-E474-400A-A142-A5740EDD8C53}.Debug|Any CPU.Build.0 = Debug|Any CPU
		{9B7E8D6F-E474-400A-A142-A5740EDD8C53}.Release|Any CPU.ActiveCfg = Release|Any CPU
		{9B7E8D6F-E474-400A-A142-A5740EDD8C53}.Release|Any CPU.Build.0 = Release|Any CPU
		{2AAF091F-6DCC-40B9-B542-2C32AAF51000}.Debug|Any CPU.ActiveCfg = Debug|Any CPU
		{2AAF091F-6DCC-40B9-B542-2C32AAF51000}.Debug|Any CPU.Build.0 = Debug|Any CPU
		{2AAF091F-6DCC-40B9-B542-2C32AAF51000}.Release|Any CPU.ActiveCfg = Release|Any CPU
		{2AAF091F-6DCC-40B9-B542-2C32AAF51000}.Release|Any CPU.Build.0 = Release|Any CPU
		{324F0525-7D46-4665-AADD-38C66461741D}.Debug|Any CPU.ActiveCfg = Debug|Any CPU
		{324F0525-7D46-4665-AADD-38C66461741D}.Debug|Any CPU.Build.0 = Debug|Any CPU
		{324F0525-7D46-4665-AADD-38C66461741D}.Release|Any CPU.ActiveCfg = Release|Any CPU
		{324F0525-7D46-4665-AADD-38C66461741D}.Release|Any CPU.Build.0 = Release|Any CPU
		{D0329E41-8F5F-4A52-9063-501121609389}.Debug|Any CPU.ActiveCfg = Debug|Any CPU
		{D0329E41-8F5F-4A52-9063-501121609389}.Debug|Any CPU.Build.0 = Debug|Any CPU
		{D0329E41-8F5F-4A52-9063-501121609389}.Release|Any CPU.ActiveCfg = Release|Any CPU
		{D0329E41-8F5F-4A52-9063-501121609389}.Release|Any CPU.Build.0 = Release|Any CPU
		{12036B41-5BB0-4E0B-8D7A-D09F7AFC7A46}.Debug|Any CPU.ActiveCfg = Debug|Any CPU
		{12036B41-5BB0-4E0B-8D7A-D09F7AFC7A46}.Debug|Any CPU.Build.0 = Debug|Any CPU
		{12036B41-5BB0-4E0B-8D7A-D09F7AFC7A46}.Release|Any CPU.ActiveCfg = Release|Any CPU
		{12036B41-5BB0-4E0B-8D7A-D09F7AFC7A46}.Release|Any CPU.Build.0 = Release|Any CPU
		{F66CBC2F-38DB-4519-BF01-5CB36576B1F2}.Debug|Any CPU.ActiveCfg = Debug|Any CPU
		{F66CBC2F-38DB-4519-BF01-5CB36576B1F2}.Debug|Any CPU.Build.0 = Debug|Any CPU
		{F66CBC2F-38DB-4519-BF01-5CB36576B1F2}.Release|Any CPU.ActiveCfg = Release|Any CPU
		{F66CBC2F-38DB-4519-BF01-5CB36576B1F2}.Release|Any CPU.Build.0 = Release|Any CPU
		{224A79DF-A29E-44FF-BCA8-9353C2FCF3AB}.Debug|Any CPU.ActiveCfg = Debug|Any CPU
		{224A79DF-A29E-44FF-BCA8-9353C2FCF3AB}.Debug|Any CPU.Build.0 = Debug|Any CPU
		{224A79DF-A29E-44FF-BCA8-9353C2FCF3AB}.Release|Any CPU.ActiveCfg = Release|Any CPU
		{224A79DF-A29E-44FF-BCA8-9353C2FCF3AB}.Release|Any CPU.Build.0 = Release|Any CPU
		{CCF9F3D8-0BEA-48B6-9371-ABF33208A67C}.Debug|Any CPU.ActiveCfg = Debug|Any CPU
		{CCF9F3D8-0BEA-48B6-9371-ABF33208A67C}.Debug|Any CPU.Build.0 = Debug|Any CPU
		{CCF9F3D8-0BEA-48B6-9371-ABF33208A67C}.Release|Any CPU.ActiveCfg = Release|Any CPU
		{CCF9F3D8-0BEA-48B6-9371-ABF33208A67C}.Release|Any CPU.Build.0 = Release|Any CPU
		{E43C742D-C0E9-480E-B7FC-D2671A68055A}.Debug|Any CPU.ActiveCfg = Debug|Any CPU
		{E43C742D-C0E9-480E-B7FC-D2671A68055A}.Debug|Any CPU.Build.0 = Debug|Any CPU
		{E43C742D-C0E9-480E-B7FC-D2671A68055A}.Release|Any CPU.ActiveCfg = Release|Any CPU
		{E43C742D-C0E9-480E-B7FC-D2671A68055A}.Release|Any CPU.Build.0 = Release|Any CPU
		{6A3D2F83-A610-46E4-B19E-5FA28E65841E}.Debug|Any CPU.ActiveCfg = Debug|Any CPU
		{6A3D2F83-A610-46E4-B19E-5FA28E65841E}.Debug|Any CPU.Build.0 = Debug|Any CPU
		{6A3D2F83-A610-46E4-B19E-5FA28E65841E}.Release|Any CPU.ActiveCfg = Release|Any CPU
		{6A3D2F83-A610-46E4-B19E-5FA28E65841E}.Release|Any CPU.Build.0 = Release|Any CPU
	EndGlobalSection
	GlobalSection(SolutionProperties) = preSolution
		HideSolutionNode = FALSE
	EndGlobalSection
	GlobalSection(ExtensibilityGlobals) = postSolution
		SolutionGuid = {5A7C4786-3935-428F-9632-59E90536A28C}
	EndGlobalSection
EndGlobal
